{"1.1.0",
[{<<"datum">>,{pkg,<<"datum">>,<<"4.2.0">>},0},
 {<<"feta">>,
  {git,"https://github.com/fogfish/feta",
       {ref,"13a4e7d7b1aa7d857ecc218077afac785346aff9"}},
  1},
 {<<"goldrush">>,{pkg,<<"goldrush">>,<<"0.1.9">>},1},
 {<<"htcodec">>,
  {git,"https://github.com/kfsm/htcodec",
       {ref,"709a9a0fb5028196f32bf5573a60f28c07ce5246"}},
  1},
 {<<"htstream">>,
  {git,"https://github.com/kfsm/htstream",
       {ref,"a6f07398ea15775a16b77e584d799e8baab76843"}},
  1},
 {<<"jsx">>,{pkg,<<"jsx">>,<<"2.9.0">>},0},
 {<<"knet">>,
  {git,"https://github.com/kfsm/knet.git",
       {ref,"ebf9925eaf32999cf6abd3b9ba4f4abd1aa49e97"}},
  0},
 {<<"lager">>,{pkg,<<"lager">>,<<"3.5.2">>},0},
 {<<"meck">>,{pkg,<<"meck">>,<<"0.8.9">>},1},
 {<<"pipe">>,
  {git,"https://github.com/kfsm/pipe",
       {ref,"a091f919659818cfe37e2d8c5d44d73962322ab9"}},
  1},
 {<<"pns">>,
  {git,"https://github.com/fogfish/pns",
       {ref,"92bfcf925064227dad32568ec84172e9321ca761"}},
  1}]}.
[
{pkg_hash,[
 {<<"datum">>, <<"13354CDA48E54E12A2160632EF7270452E3147C8F17A4AE4BED106E55F146478">>},
 {<<"goldrush">>, <<"F06E5D5F1277DA5C413E84D5A2924174182FB108DABB39D5EC548B27424CD106">>},
 {<<"jsx">>, <<"D2F6E5F069C00266CAD52FB15D87C428579EA4D7D73A33669E12679E203329DD">>},
 {<<"lager">>, <<"614A8C8F67BF99B69EB264EA22121AD25511C055AAEC09B086773D5108C6767F">>},
 {<<"meck">>, <<"64C5C0BD8BCCA3A180B44196265C8ED7594E16BCC845D0698EC6B4E577F48188">>}]}
].
