{"1.1.0",
[{<<"datum">>,{pkg,<<"datum">>,<<"4.3.2">>},0},
 {<<"feta">>,
  {git,"https://github.com/fogfish/feta",
       {ref,"c5d251b3f995b96afd5e8ec7da61516842aa658c"}},
  1},
 {<<"goldrush">>,{pkg,<<"goldrush">>,<<"0.1.9">>},1},
 {<<"htcodec">>,
  {git,"https://github.com/kfsm/htcodec",
       {ref,"2c9293e659fc1b000038862201b3dbd90ae6e308"}},
  1},
 {<<"htstream">>,
  {git,"https://github.com/kfsm/htstream",
       {ref,"3a393c3595232bf9cfe4d7ae0a4e09acadb1deda"}},
  1},
 {<<"jsx">>,{pkg,<<"jsx">>,<<"2.9.0">>},0},
 {<<"knet">>,
  {git,"https://github.com/fogfish/knet.git",
       {ref,"24d16e89bcd076f02643c0c18e5ce17178a71a23"}},
  0},
 {<<"lager">>,{pkg,<<"lager">>,<<"3.6.2">>},0},
 {<<"meck">>,{pkg,<<"meck">>,<<"0.8.9">>},1},
 {<<"pipe">>,
  {git,"https://github.com/fogfish/pipe",
       {ref,"e928fe3f219882939a224f5a79496008dd9d0a52"}},
  1}]}.
[
{pkg_hash,[
 {<<"datum">>, <<"841549936326B2D660D267D52B3DC7B16457CC174CBACF57E655D79F4BAB924E">>},
 {<<"goldrush">>, <<"F06E5D5F1277DA5C413E84D5A2924174182FB108DABB39D5EC548B27424CD106">>},
 {<<"jsx">>, <<"D2F6E5F069C00266CAD52FB15D87C428579EA4D7D73A33669E12679E203329DD">>},
 {<<"lager">>, <<"2C72950A0E75FFD927DD35BC85EA30E7680A264C4BBD08B328250871AC456CC2">>},
 {<<"meck">>, <<"64C5C0BD8BCCA3A180B44196265C8ED7594E16BCC845D0698EC6B4E577F48188">>}]}
].
