{"1.1.0",
[{<<"datum">>,
  {git,"https://github.com/fogfish/datum",
       {ref,"6b0aefd7c7829b5f06e14cfcab938981f700dae9"}},
  1},
 {<<"feta">>,
  {git,"https://github.com/fogfish/feta",
       {ref,"07bb63115de4f2369f54bacc8e7ff10b8f79cc41"}},
  1},
 {<<"goldrush">>,
  {git,"https://github.com/basho/goldrush.git",
       {ref,"8f1b715d36b650ec1e1f5612c00e28af6ab0de82"}},
  1},
 {<<"htstream">>,
  {git,"https://github.com/kfsm/htstream",
       {ref,"003c5c5324df8a1bef7f44b765c7b3b91fe58c58"}},
  1},
 {<<"jsx">>,
  {git,"https://github.com/talentdeficit/jsx",
       {ref,"45ffea21a6863c58fb7da1f937e868916ff68b27"}},
  0},
 {<<"knet">>,
  {git,"https://github.com/kfsm/knet.git",
       {ref,"6c9fdefd5034ddbff5232c0ad147fdc20c9b3963"}},
  0},
 {<<"lager">>,
  {git,"https://github.com/basho/lager",
       {ref,"81eaef0ce98fdbf64ab95665e3bc2ec4b24c7dac"}},
  0},
 {<<"meck">>,{pkg,<<"meck">>,<<"0.8.8">>},1},
 {<<"pipe">>,
  {git,"https://github.com/kfsm/pipe",
       {ref,"a091f919659818cfe37e2d8c5d44d73962322ab9"}},
  1},
 {<<"pns">>,
  {git,"https://github.com/fogfish/pns",
       {ref,"92bfcf925064227dad32568ec84172e9321ca761"}},
  1}]}.
[
{pkg_hash,[
 {<<"meck">>, <<"EEB3EFE811D4346E1A7F65B2738ABC2AD73CBE1A2C91B5DD909BAC2EA0414FA6">>}]}
].
